
Microsoft Visual Studio Solution File, Format Version 12.00
# Visual Studio Version 16
VisualStudioVersion = 16.0.30309.148
MinimumVisualStudioVersion = 10.0.40219.1
Project("{9A19103F-16F7-4668-BE54-9A1E7A4F7556}") = "07232020_piglatin_capstone", "07232020_piglatin_capstone\07232020_piglatin_capstone.csproj", "{2A50C1BD-AB5E-4E30-A98F-A257D7EC14A8}"
EndProject
Global
	GlobalSection(SolutionConfigurationPlatforms) = preSolution
		Debug|Any CPU = Debug|Any CPU
		Release|Any CPU = Release|Any CPU
	EndGlobalSection
	GlobalSection(ProjectConfigurationPlatforms) = postSolution
		{2A50C1BD-AB5E-4E30-A98F-A257D7EC14A8}.Debug|Any CPU.ActiveCfg = Debug|Any CPU
		{2A50C1BD-AB5E-4E30-A98F-A257D7EC14A8}.Debug|Any CPU.Build.0 = Debug|Any CPU
		{2A50C1BD-AB5E-4E30-A98F-A257D7EC14A8}.Release|Any CPU.ActiveCfg = Release|Any CPU
		{2A50C1BD-AB5E-4E30-A98F-A257D7EC14A8}.Release|Any CPU.Build.0 = Release|Any CPU
	EndGlobalSection
	GlobalSection(SolutionProperties) = preSolution
		HideSolutionNode = FALSE
	EndGlobalSection
	GlobalSection(ExtensibilityGlobals) = postSolution
		SolutionGuid = {5321C5E5-6C71-4414-A267-0C4BE50FF4B2}
	EndGlobalSection
EndGlobal
